
Microsoft Visual Studio Solution File, Format Version 12.00
# Visual Studio 14
VisualStudioVersion = 14.0.25420.1
MinimumVisualStudioVersion = 10.0.40219.1
Project("{FAE04EC0-301F-11D3-BF4B-00C04F79EFBC}") = "Checkout", "Checkout\Checkout.csproj", "{F7BA38C5-CA00-4871-8A8C-3EF0EB8E2342}"
EndProject
Project("{FAE04EC0-301F-11D3-BF4B-00C04F79EFBC}") = "Framework", "Framework\Framework.csproj", "{ECEC76DA-D64A-420F-9640-06261A9A4132}"
EndProject
Global
	GlobalSection(SolutionConfigurationPlatforms) = preSolution
		Debug|Any CPU = Debug|Any CPU
		Release|Any CPU = Release|Any CPU
	EndGlobalSection
	GlobalSection(ProjectConfigurationPlatforms) = postSolution
		{F7BA38C5-CA00-4871-8A8C-3EF0EB8E2342}.Debug|Any CPU.ActiveCfg = Debug|Any CPU
		{F7BA38C5-CA00-4871-8A8C-3EF0EB8E2342}.Debug|Any CPU.Build.0 = Debug|Any CPU
		{F7BA38C5-CA00-4871-8A8C-3EF0EB8E2342}.Release|Any CPU.ActiveCfg = Release|Any CPU
		{F7BA38C5-CA00-4871-8A8C-3EF0EB8E2342}.Release|Any CPU.Build.0 = Release|Any CPU
		{ECEC76DA-D64A-420F-9640-06261A9A4132}.Debug|Any CPU.ActiveCfg = Debug|Any CPU
		{ECEC76DA-D64A-420F-9640-06261A9A4132}.Debug|Any CPU.Build.0 = Debug|Any CPU
		{ECEC76DA-D64A-420F-9640-06261A9A4132}.Release|Any CPU.ActiveCfg = Release|Any CPU
		{ECEC76DA-D64A-420F-9640-06261A9A4132}.Release|Any CPU.Build.0 = Release|Any CPU
	EndGlobalSection
	GlobalSection(SolutionProperties) = preSolution
		HideSolutionNode = FALSE
	EndGlobalSection
EndGlobal
